Microsoft Visual Studio Solution File, Format Version 12.00
# Visual Studio Version 17
VisualStudioVersion = 17.5.2.0
MinimumVisualStudioVersion = 10.0.40219.1
Project("{2150E333-8FDC-42A3-9474-1A3956D46DE8}") = "webapp.Tests", "webapp.Tests", "{DD65B02A-D619-F208-14CD-EF216ED352B0}"
EndProject
Project("{2150E333-8FDC-42A3-9474-1A3956D46DE8}") = "webapp", "webapp", "{7E50A06F-A38B-7BE7-1137-409223B8AEF0}"
EndProject
Project("{FAE04EC0-301F-11D3-BF4B-00C04F79EFBC}") = "Kiddo.Web.Tests", "webapp.Tests\Kiddo.Web.Tests.csproj", "{C7BE2D93-0FB9-9EC4-A0E3-8592403B9F8C}"
EndProject
Project("{FAE04EC0-301F-11D3-BF4B-00C04F79EFBC}") = "Kiddo.Web", "webapp\Kiddo.Web.csproj", "{17F646B1-9CD8-810F-8320-1EF7D4B2C12A}"
EndProject
Global
	GlobalSection(SolutionConfigurationPlatforms) = preSolution
		Debug|Any CPU = Debug|Any CPU
		Release|Any CPU = Release|Any CPU
	EndGlobalSection
	GlobalSection(ProjectConfigurationPlatforms) = postSolution
		{C7BE2D93-0FB9-9EC4-A0E3-8592403B9F8C}.Debug|Any CPU.ActiveCfg = Debug|Any CPU
		{C7BE2D93-0FB9-9EC4-A0E3-8592403B9F8C}.Debug|Any CPU.Build.0 = Debug|Any CPU
		{C7BE2D93-0FB9-9EC4-A0E3-8592403B9F8C}.Release|Any CPU.ActiveCfg = Release|Any CPU
		{C7BE2D93-0FB9-9EC4-A0E3-8592403B9F8C}.Release|Any CPU.Build.0 = Release|Any CPU
		{17F646B1-9CD8-810F-8320-1EF7D4B2C12A}.Debug|Any CPU.ActiveCfg = Debug|Any CPU
		{17F646B1-9CD8-810F-8320-1EF7D4B2C12A}.Debug|Any CPU.Build.0 = Debug|Any CPU
		{17F646B1-9CD8-810F-8320-1EF7D4B2C12A}.Release|Any CPU.ActiveCfg = Release|Any CPU
		{17F646B1-9CD8-810F-8320-1EF7D4B2C12A}.Release|Any CPU.Build.0 = Release|Any CPU
	EndGlobalSection
	GlobalSection(SolutionProperties) = preSolution
		HideSolutionNode = FALSE
	EndGlobalSection
	GlobalSection(NestedProjects) = preSolution
		{C7BE2D93-0FB9-9EC4-A0E3-8592403B9F8C} = {DD65B02A-D619-F208-14CD-EF216ED352B0}
		{17F646B1-9CD8-810F-8320-1EF7D4B2C12A} = {7E50A06F-A38B-7BE7-1137-409223B8AEF0}
	EndGlobalSection
	GlobalSection(ExtensibilityGlobals) = postSolution
		SolutionGuid = {A63ECB1D-F696-47D1-A06C-0D264E2C24B8}
	EndGlobalSection
EndGlobal
